
Microsoft Visual Studio Solution File, Format Version 12.00
# Visual Studio Version 17
VisualStudioVersion = 17.14.36623.8 d17.14
MinimumVisualStudioVersion = 10.0.40219.1
Project("{FAE04EC0-301F-11D3-BF4B-00C04F79EFBC}") = "Calculator", "Calculator.csproj", "{2BEEEDD8-38BA-4342-9911-A7B2F15DBE85}"
EndProject
Global
	GlobalSection(SolutionConfigurationPlatforms) = preSolution
		Debug|Any CPU = Debug|Any CPU
		Release|Any CPU = Release|Any CPU
	EndGlobalSection
	GlobalSection(ProjectConfigurationPlatforms) = postSolution
		{2BEEEDD8-38BA-4342-9911-A7B2F15DBE85}.Debug|Any CPU.ActiveCfg = Debug|Any CPU
		{2BEEEDD8-38BA-4342-9911-A7B2F15DBE85}.Debug|Any CPU.Build.0 = Debug|Any CPU
		{2BEEEDD8-38BA-4342-9911-A7B2F15DBE85}.Release|Any CPU.ActiveCfg = Release|Any CPU
		{2BEEEDD8-38BA-4342-9911-A7B2F15DBE85}.Release|Any CPU.Build.0 = Release|Any CPU
	EndGlobalSection
	GlobalSection(SolutionProperties) = preSolution
		HideSolutionNode = FALSE
	EndGlobalSection
	GlobalSection(ExtensibilityGlobals) = postSolution
		SolutionGuid = {F339D719-FC00-46C9-A6BA-17C6E3FE0EAE}
	EndGlobalSection
EndGlobal
